{
  "nodes": {
    "hamio": {
      "inputs": {
        "nixpkgs": "nixpkgs"
      },
      "locked": {
        "lastModified": 1789718225,
        "narHash": "sha256-ATiLCe7ASu1EYqzIwGLoJ6/qgGap/2HmCTstr6chZQ4=",
        "owner": "9uiLe",
        "repo": "hamio",
        "rev": "dd8c86c6923f692ef183152958147bf095e85daa",
        "type": "github"
      },
      "original": {
        "owner": "9uiLe",
        "repo": "hamio",
        "rev": "dd8c86c6923f692ef183152958147bf095e85daa",
        "type": "github"
      }
    },
    "nixpkgs": {
      "locked": {
        "lastModified": 1789370336,
        "narHash": "sha256-6RSEDHIWQtesQKWSu5qRai8L2h4KgCgMEfJHstW99G4=",
        "owner": "NixOS",
        "repo": "nixpkgs",
        "rev": "c7def046b9a883d46974757852106483d741586f",
        "type": "github"
      },
      "original": {
        "owner": "NixOS",
        "ref": "nixpkgs-unstable",
        "repo": "nixpkgs",
        "type": "github"
      }
    },
    "nixpkgs_2": {
      "locked": {
        "lastModified": 1788608636,
        "narHash": "sha256-RqeFOwW329f4i1f5QlJgQYwgEZvxIHJsUYlzIBxsKsY=",
        "owner": "NixOS",
        "repo": "nixpkgs",
        "rev": "0af3d1402dec3fc7e93635e511d1f7428c89cebf",
        "type": "github"
      },
      "original": {
        "owner": "NixOS",
        "ref": "nixpkgs-unstable",
        "repo": "nixpkgs",
        "type": "github"
      }
    },
    "root": {
      "inputs": {
        "hamio": "hamio",
        "nixpkgs": "nixpkgs_2"
      }
    }
  },
  "root": "root",
  "version": 7
}
